
Microsoft Visual Studio Solution File, Format Version 12.00
# Visual Studio Version 16
VisualStudioVersion = 16.0.29411.108
MinimumVisualStudioVersion = 10.0.40219.1
Project("{9A19103F-16F7-4668-BE54-9A1E7A4F7556}") = "CampaignAPI", "CampaignAPI\CampaignAPI.csproj", "{9E24925C-99DC-4731-9741-989BF7EB3E0A}"
EndProject
Project("{9A19103F-16F7-4668-BE54-9A1E7A4F7556}") = "CampaignDomain", "CampaignDomain\CampaignDomain.csproj", "{FC9DE6A6-74B1-4E7F-AA4D-E2CF227755D1}"
EndProject
Project("{FAE04EC0-301F-11D3-BF4B-00C04F79EFBC}") = "CampaignWebUI", "CampaignWebUI\CampaignWebUI.csproj", "{C2445756-1C3D-465F-BDB2-FFECA01DE4A4}"
EndProject
Global
	GlobalSection(SolutionConfigurationPlatforms) = preSolution
		Debug|Any CPU = Debug|Any CPU
		Release|Any CPU = Release|Any CPU
	EndGlobalSection
	GlobalSection(ProjectConfigurationPlatforms) = postSolution
		{9E24925C-99DC-4731-9741-989BF7EB3E0A}.Debug|Any CPU.ActiveCfg = Debug|Any CPU
		{9E24925C-99DC-4731-9741-989BF7EB3E0A}.Debug|Any CPU.Build.0 = Debug|Any CPU
		{9E24925C-99DC-4731-9741-989BF7EB3E0A}.Release|Any CPU.ActiveCfg = Release|Any CPU
		{9E24925C-99DC-4731-9741-989BF7EB3E0A}.Release|Any CPU.Build.0 = Release|Any CPU
		{FC9DE6A6-74B1-4E7F-AA4D-E2CF227755D1}.Debug|Any CPU.ActiveCfg = Debug|Any CPU
		{FC9DE6A6-74B1-4E7F-AA4D-E2CF227755D1}.Debug|Any CPU.Build.0 = Debug|Any CPU
		{FC9DE6A6-74B1-4E7F-AA4D-E2CF227755D1}.Release|Any CPU.ActiveCfg = Release|Any CPU
		{FC9DE6A6-74B1-4E7F-AA4D-E2CF227755D1}.Release|Any CPU.Build.0 = Release|Any CPU
		{C2445756-1C3D-465F-BDB2-FFECA01DE4A4}.Debug|Any CPU.ActiveCfg = Debug|Any CPU
		{C2445756-1C3D-465F-BDB2-FFECA01DE4A4}.Debug|Any CPU.Build.0 = Debug|Any CPU
		{C2445756-1C3D-465F-BDB2-FFECA01DE4A4}.Release|Any CPU.ActiveCfg = Release|Any CPU
		{C2445756-1C3D-465F-BDB2-FFECA01DE4A4}.Release|Any CPU.Build.0 = Release|Any CPU
	EndGlobalSection
	GlobalSection(SolutionProperties) = preSolution
		HideSolutionNode = FALSE
	EndGlobalSection
	GlobalSection(ExtensibilityGlobals) = postSolution
		SolutionGuid = {4C6B87CF-4F1D-47E2-A4A4-EA8DB0225A6B}
	EndGlobalSection
EndGlobal
